{
  "lockfileVersion": 1,
  "workspaces": {
    "": {
      "name": "rolldown-repro",
      "devDependencies": {
        "@types/bun": "latest",
        "rolldown": "^1.0.0-beta.44",
        "rolldown-plugin-dts": "^0.16.12",
      },
      "peerDependencies": {
        "typescript": "^5",
      },
    },
  },
  "packages": {
    "@babel/generator": ["@babel/generator@7.28.3", "", { "dependencies": { "@babel/parser": "^7.28.3", "@babel/types": "^7.28.2", "@jridgewell/gen-mapping": "^0.3.12", "@jridgewell/trace-mapping": "^0.3.28", "jsesc": "^3.0.2" } }, "sha512-3lSpxGgvnmZznmBkCRnVREPUFJv2wrv9iAoFDvADJc0ypmdOxdUtcLeBgBJ6zE0PMeTKnxeQzyk0xTBq4Ep7zw=="],

    "@babel/helper-string-parser": ["@babel/helper-string-parser@7.27.1", "", {}, "sha512-qMlSxKbpRlAridDExk92nSobyDdpPijUq2DW6oDnUqd0iOGxmQjyqhMIihI9+zv4LPyZdRje2cavWPbCbWm3eA=="],

    "@babel/helper-validator-identifier": ["@babel/helper-validator-identifier@7.27.1", "", {}, "sha512-D2hP9eA+Sqx1kBZgzxZh0y1trbuU+JoDkiEwqhQ36nodYqJwyEIhPSdMNd7lOm/4io72luTPWH20Yda0xOuUow=="],

    "@babel/parser": ["@babel/parser@7.28.4", "", { "dependencies": { "@babel/types": "^7.28.4" }, "bin": "./bin/babel-parser.js" }, "sha512-yZbBqeM6TkpP9du/I2pUZnJsRMGGvOuIrhjzC1AwHwW+6he4mni6Bp/m8ijn0iOuZuPI2BfkCoSRunpyjnrQKg=="],

    "@babel/types": ["@babel/types@7.28.4", "", { "dependencies": { "@babel/helper-string-parser": "^7.27.1", "@babel/helper-validator-identifier": "^7.27.1" } }, "sha512-bkFqkLhh3pMBUQQkpVgWDWq/lqzc2678eUyDlTBhRqhCHFguYYGM0Efga7tYk4TogG/3x0EEl66/OQ+WGbWB/Q=="],

    "@emnapi/core": ["@emnapi/core@1.6.0", "", { "dependencies": { "@emnapi/wasi-threads": "1.1.0", "tslib": "^2.4.0" } }, "sha512-zq/ay+9fNIJJtJiZxdTnXS20PllcYMX3OE23ESc4HK/bdYu3cOWYVhsOhVnXALfU/uqJIxn5NBPd9z4v+SfoSg=="],

    "@emnapi/runtime": ["@emnapi/runtime@1.6.0", "", { "dependencies": { "tslib": "^2.4.0" } }, "sha512-obtUmAHTMjll499P+D9A3axeJFlhdjOWdKUNs/U6QIGT7V5RjcUW1xToAzjvmgTSQhDbYn/NwfTRoJcQ2rNBxA=="],

    "@emnapi/wasi-threads": ["@emnapi/wasi-threads@1.1.0", "", { "dependencies": { "tslib": "^2.4.0" } }, "sha512-WI0DdZ8xFSbgMjR1sFsKABJ/C5OnRrjT06JXbZKexJGrDuPTzZdDYfFlsgcCXCyf+suG5QU2e/y1Wo2V/OapLQ=="],

    "@jridgewell/gen-mapping": ["@jridgewell/gen-mapping@0.3.13", "", { "dependencies": { "@jridgewell/sourcemap-codec": "^1.5.0", "@jridgewell/trace-mapping": "^0.3.24" } }, "sha512-2kkt/7niJ6MgEPxF0bYdQ6etZaA+fQvDcLKckhy1yIQOzaoKjBBjSj63/aLVjYE3qhRt5dvM+uUyfCg6UKCBbA=="],

    "@jridgewell/resolve-uri": ["@jridgewell/resolve-uri@3.1.2", "", {}, "sha512-bRISgCIjP20/tbWSPWMEi54QVPRZExkuD9lJL+UIxUKtwVJA8wW1Trb1jMs1RFXo1CBTNZ/5hpC9QvmKWdopKw=="],

    "@jridgewell/sourcemap-codec": ["@jridgewell/sourcemap-codec@1.5.5", "", {}, "sha512-cYQ9310grqxueWbl+WuIUIaiUaDcj7WOq5fVhEljNVgRfOUhY9fy2zTvfoqWsnebh8Sl70VScFbICvJnLKB0Og=="],

    "@jridgewell/trace-mapping": ["@jridgewell/trace-mapping@0.3.31", "", { "dependencies": { "@jridgewell/resolve-uri": "^3.1.0", "@jridgewell/sourcemap-codec": "^1.4.14" } }, "sha512-zzNR+SdQSDJzc8joaeP8QQoCQr8NuYx2dIIytl1QeBEZHJ9uW6hebsrYgbz8hJwUQao3TWCMtmfV8Nu1twOLAw=="],

    "@napi-rs/wasm-runtime": ["@napi-rs/wasm-runtime@1.0.7", "", { "dependencies": { "@emnapi/core": "^1.5.0", "@emnapi/runtime": "^1.5.0", "@tybys/wasm-util": "^0.10.1" } }, "sha512-SeDnOO0Tk7Okiq6DbXmmBODgOAb9dp9gjlphokTUxmt8U3liIP1ZsozBahH69j/RJv+Rfs6IwUKHTgQYJ/HBAw=="],

    "@oxc-project/types": ["@oxc-project/types@0.95.0", "", {}, "sha512-vACy7vhpMPhjEJhULNxrdR0D943TkA/MigMpJCHmBHvMXxRStRi/dPtTlfQ3uDwWSzRpT8z+7ImjZVf8JWBocQ=="],

    "@rolldown/binding-android-arm64": ["@rolldown/binding-android-arm64@1.0.0-beta.44", "", { "os": "android", "cpu": "arm64" }, "sha512-g9ejDOehJFhxC1DIXQuZQ9bKv4lRDioOTL42cJjFjqKPl1L7DVb9QQQE1FxokGEIMr6FezLipxwnzOXWe7DNPg=="],

    "@rolldown/binding-darwin-arm64": ["@rolldown/binding-darwin-arm64@1.0.0-beta.44", "", { "os": "darwin", "cpu": "arm64" }, "sha512-PxAW1PXLPmCzfhfKIS53kwpjLGTUdIfX4Ht+l9mj05C3lYCGaGowcNsYi2rdxWH24vSTmeK+ajDNRmmmrK0M7g=="],

    "@rolldown/binding-darwin-x64": ["@rolldown/binding-darwin-x64@1.0.0-beta.44", "", { "os": "darwin", "cpu": "x64" }, "sha512-/CtQqs1oO9uSb5Ju60rZvsdjE7Pzn8EK2ISAdl2jedjMzeD/4neNyCbwyJOAPzU+GIQTZVyrFZJX+t7HXR1R/g=="],

    "@rolldown/binding-freebsd-x64": ["@rolldown/binding-freebsd-x64@1.0.0-beta.44", "", { "os": "freebsd", "cpu": "x64" }, "sha512-V5Q5W9c4+2GJ4QabmjmVV6alY97zhC/MZBaLkDtHwGy3qwzbM4DYgXUbun/0a8AH5hGhuU27tUIlYz6ZBlvgOA=="],

    "@rolldown/binding-linux-arm-gnueabihf": ["@rolldown/binding-linux-arm-gnueabihf@1.0.0-beta.44", "", { "os": "linux", "cpu": "arm" }, "sha512-X6adjkHeFqKsTU0FXdNN9HY4LDozPqIfHcnXovE5RkYLWIjMWuc489mIZ6iyhrMbCqMUla9IOsh5dvXSGT9o9A=="],

    "@rolldown/binding-linux-arm64-gnu": ["@rolldown/binding-linux-arm64-gnu@1.0.0-beta.44", "", { "os": "linux", "cpu": "arm64" }, "sha512-kRRKGZI4DXWa6ANFr3dLA85aSVkwPdgXaRjfanwY84tfc3LncDiIjyWCb042e3ckPzYhHSZ3LmisO+cdOIYL6Q=="],

    "@rolldown/binding-linux-arm64-musl": ["@rolldown/binding-linux-arm64-musl@1.0.0-beta.44", "", { "os": "linux", "cpu": "arm64" }, "sha512-hMtiN9xX1NhxXBa2U3Up4XkVcsVp2h73yYtMDY59z9CDLEZLrik9RVLhBL5QtoX4zZKJ8HZKJtWuGYvtmkCbIQ=="],

    "@rolldown/binding-linux-x64-gnu": ["@rolldown/binding-linux-x64-gnu@1.0.0-beta.44", "", { "os": "linux", "cpu": "x64" }, "sha512-rd1LzbpXQuR8MTG43JB9VyXDjG7ogSJbIkBpZEHJ8oMKzL6j47kQT5BpIXrg3b5UVygW9QCI2fpFdMocT5Kudg=="],

    "@rolldown/binding-linux-x64-musl": ["@rolldown/binding-linux-x64-musl@1.0.0-beta.44", "", { "os": "linux", "cpu": "x64" }, "sha512-qI2IiPqmPRW25exXkuQr3TlweCDc05YvvbSDRPCuPsWkwb70dTiSoXn8iFxT4PWqTi71wWHg1Wyta9PlVhX5VA=="],

    "@rolldown/binding-openharmony-arm64": ["@rolldown/binding-openharmony-arm64@1.0.0-beta.44", "", { "os": "none", "cpu": "arm64" }, "sha512-+vHvEc1pL5iJRFlldLC8mjm6P4Qciyfh2bh5ZI6yxDQKbYhCHRKNURaKz1mFcwxhVL5YMYsLyaqM3qizVif9MQ=="],

    "@rolldown/binding-wasm32-wasi": ["@rolldown/binding-wasm32-wasi@1.0.0-beta.44", "", { "dependencies": { "@napi-rs/wasm-runtime": "^1.0.7" }, "cpu": "none" }, "sha512-XSgLxRrtFj6RpTeMYmmQDAwHjKseYGKUn5LPiIdW4Cq+f5SBSStL2ToBDxkbdxKPEbCZptnLPQ/nfKcAxrC8Xg=="],

    "@rolldown/binding-win32-arm64-msvc": ["@rolldown/binding-win32-arm64-msvc@1.0.0-beta.44", "", { "os": "win32", "cpu": "arm64" }, "sha512-cF1LJdDIX02cJrFrX3wwQ6IzFM7I74BYeKFkzdcIA4QZ0+2WA7/NsKIgjvrunupepWb1Y6PFWdRlHSaz5AW1Wg=="],

    "@rolldown/binding-win32-ia32-msvc": ["@rolldown/binding-win32-ia32-msvc@1.0.0-beta.44", "", { "os": "win32", "cpu": "ia32" }, "sha512-5uaJonDafhHiMn+iEh7qUp3QQ4Gihv3lEOxKfN8Vwadpy0e+5o28DWI42DpJ9YBYMrVy4JOWJ/3etB/sptpUwA=="],

    "@rolldown/binding-win32-x64-msvc": ["@rolldown/binding-win32-x64-msvc@1.0.0-beta.44", "", { "os": "win32", "cpu": "x64" }, "sha512-vsqhWAFJkkmgfBN/lkLCWTXF1PuPhMjfnAyru48KvF7mVh2+K7WkKYHezF3Fjz4X/mPScOcIv+g6cf6wnI6eWg=="],

    "@rolldown/pluginutils": ["@rolldown/pluginutils@1.0.0-beta.44", "", {}, "sha512-g6eW7Zwnr2c5RADIoqziHoVs6b3W5QTQ4+qbpfjbkMJ9x+8Og211VW/oot2dj9dVwaK/UyC6Yo+02gV+wWQVNg=="],

    "@tybys/wasm-util": ["@tybys/wasm-util@0.10.1", "", { "dependencies": { "tslib": "^2.4.0" } }, "sha512-9tTaPJLSiejZKx+Bmog4uSubteqTvFrVrURwkmHixBo0G4seD0zUxp98E1DzUBJxLQ3NPwXrGKDiVjwx/DpPsg=="],

    "@types/bun": ["@types/bun@1.3.0", "", { "dependencies": { "bun-types": "1.3.0" } }, "sha512-+lAGCYjXjip2qY375xX/scJeVRmZ5cY0wyHYyCYxNcdEXrQ4AOe3gACgd4iQ8ksOslJtW4VNxBJ8llUwc3a6AA=="],

    "@types/node": ["@types/node@24.9.1", "", { "dependencies": { "undici-types": "~7.16.0" } }, "sha512-QoiaXANRkSXK6p0Duvt56W208du4P9Uye9hWLWgGMDTEoKPhuenzNcC4vGUmrNkiOKTlIrBoyNQYNpSwfEZXSg=="],

    "@types/react": ["@types/react@19.2.2", "", { "dependencies": { "csstype": "^3.0.2" } }, "sha512-6mDvHUFSjyT2B2yeNx2nUgMxh9LtOWvkhIU3uePn2I2oyNymUAX1NIsdgviM4CH+JSrp2D2hsMvJOkxY+0wNRA=="],

    "ast-kit": ["ast-kit@2.1.3", "", { "dependencies": { "@babel/parser": "^7.28.4", "pathe": "^2.0.3" } }, "sha512-TH+b3Lv6pUjy/Nu0m6A2JULtdzLpmqF9x1Dhj00ZoEiML8qvVA9j1flkzTKNYgdEhWrjDwtWNpyyCUbfQe514g=="],

    "birpc": ["birpc@2.6.1", "", {}, "sha512-LPnFhlDpdSH6FJhJyn4M0kFO7vtQ5iPw24FnG0y21q09xC7e8+1LeR31S1MAIrDAHp4m7aas4bEkTDTvMAtebQ=="],

    "bun-types": ["bun-types@1.3.0", "", { "dependencies": { "@types/node": "*" }, "peerDependencies": { "@types/react": "^19" } }, "sha512-u8X0thhx+yJ0KmkxuEo9HAtdfgCBaM/aI9K90VQcQioAmkVp3SG3FkwWGibUFz3WdXAdcsqOcbU40lK7tbHdkQ=="],

    "csstype": ["csstype@3.1.3", "", {}, "sha512-M1uQkMl8rQK/szD0LNhtqxIPLpimGm8sOBwU7lLnCpSbTyY3yeU1Vc7l4KT5zT4s/yOxHH5O7tIuuLOCnLADRw=="],

    "debug": ["debug@4.4.3", "", { "dependencies": { "ms": "^2.1.3" } }, "sha512-RGwwWnwQvkVfavKVt22FGLw+xYSdzARwm0ru6DhTVA3umU5hZc28V3kO4stgYryrTlLpuvgI9GiijltAjNbcqA=="],

    "dts-resolver": ["dts-resolver@2.1.2", "", { "peerDependencies": { "oxc-resolver": ">=11.0.0" }, "optionalPeers": ["oxc-resolver"] }, "sha512-xeXHBQkn2ISSXxbJWD828PFjtyg+/UrMDo7W4Ffcs7+YWCquxU8YjV1KoxuiL+eJ5pg3ll+bC6flVv61L3LKZg=="],

    "get-tsconfig": ["get-tsconfig@4.13.0", "", { "dependencies": { "resolve-pkg-maps": "^1.0.0" } }, "sha512-1VKTZJCwBrvbd+Wn3AOgQP/2Av+TfTCOlE4AcRJE72W1ksZXbAx8PPBR9RzgTeSPzlPMHrbANMH3LbltH73wxQ=="],

    "jsesc": ["jsesc@3.1.0", "", { "bin": { "jsesc": "bin/jsesc" } }, "sha512-/sM3dO2FOzXjKQhJuo0Q173wf2KOo8t4I8vHy6lF9poUp7bKT0/NHE8fPX23PwfhnykfqnC2xRxOnVw5XuGIaA=="],

    "magic-string": ["magic-string@0.30.19", "", { "dependencies": { "@jridgewell/sourcemap-codec": "^1.5.5" } }, "sha512-2N21sPY9Ws53PZvsEpVtNuSW+ScYbQdp4b9qUaL+9QkHUrGFKo56Lg9Emg5s9V/qrtNBmiR01sYhUOwu3H+VOw=="],

    "ms": ["ms@2.1.3", "", {}, "sha512-6FlzubTLZG3J2a/NVCAleEhjzq5oxgHyaCU9yYXvcLsvoVaHJq/s5xXI6/XXP6tz7R9xAOtHnSO/tXtF3WRTlA=="],

    "pathe": ["pathe@2.0.3", "", {}, "sha512-WUjGcAqP1gQacoQe+OBJsFA7Ld4DyXuUIjZ5cc75cLHvJ7dtNsTugphxIADwspS+AraAUePCKrSVtPLFj/F88w=="],

    "resolve-pkg-maps": ["resolve-pkg-maps@1.0.0", "", {}, "sha512-seS2Tj26TBVOC2NIc2rOe2y2ZO7efxITtLZcGSOnHHNOQ7CkiUBfw0Iw2ck6xkIhPwLhKNLS8BO+hEpngQlqzw=="],

    "rolldown": ["rolldown@1.0.0-beta.44", "", { "dependencies": { "@oxc-project/types": "=0.95.0", "@rolldown/pluginutils": "1.0.0-beta.44" }, "optionalDependencies": { "@rolldown/binding-android-arm64": "1.0.0-beta.44", "@rolldown/binding-darwin-arm64": "1.0.0-beta.44", "@rolldown/binding-darwin-x64": "1.0.0-beta.44", "@rolldown/binding-freebsd-x64": "1.0.0-beta.44", "@rolldown/binding-linux-arm-gnueabihf": "1.0.0-beta.44", "@rolldown/binding-linux-arm64-gnu": "1.0.0-beta.44", "@rolldown/binding-linux-arm64-musl": "1.0.0-beta.44", "@rolldown/binding-linux-x64-gnu": "1.0.0-beta.44", "@rolldown/binding-linux-x64-musl": "1.0.0-beta.44", "@rolldown/binding-openharmony-arm64": "1.0.0-beta.44", "@rolldown/binding-wasm32-wasi": "1.0.0-beta.44", "@rolldown/binding-win32-arm64-msvc": "1.0.0-beta.44", "@rolldown/binding-win32-ia32-msvc": "1.0.0-beta.44", "@rolldown/binding-win32-x64-msvc": "1.0.0-beta.44" }, "bin": { "rolldown": "bin/cli.mjs" } }, "sha512-gcqgyCi3g93Fhr49PKvymE8PoaGS0sf6ajQrsYaQ8o5de6aUEbD6rJZiJbhOfpcqOnycgsAsUNPYri1h25NgsQ=="],

    "rolldown-plugin-dts": ["rolldown-plugin-dts@0.16.12", "", { "dependencies": { "@babel/generator": "^7.28.3", "@babel/parser": "^7.28.4", "@babel/types": "^7.28.4", "ast-kit": "^2.1.3", "birpc": "^2.6.1", "debug": "^4.4.3", "dts-resolver": "^2.1.2", "get-tsconfig": "^4.12.0", "magic-string": "^0.30.19" }, "peerDependencies": { "@ts-macro/tsc": "^0.3.6", "@typescript/native-preview": ">=7.0.0-dev.20250601.1", "rolldown": "^1.0.0-beta.9", "typescript": "^5.0.0", "vue-tsc": "~3.1.0" }, "optionalPeers": ["@ts-macro/tsc", "@typescript/native-preview", "typescript", "vue-tsc"] }, "sha512-9dGjm5oqtKcbZNhpzyBgb8KrYiU616A7IqcFWG7Msp1RKAXQ/hapjivRg+g5IYWSiFhnk3OKYV5T4Ft1t8Cczg=="],

    "tslib": ["tslib@2.8.1", "", {}, "sha512-oJFu94HQb+KVduSUQL7wnpmqnfmLsOA/nAh6b6EH0wCEoK0/mPeXU6c3wKDV83MkOuHPRHtSXKKU99IBazS/2w=="],

    "typescript": ["typescript@5.9.3", "", { "bin": { "tsc": "bin/tsc", "tsserver": "bin/tsserver" } }, "sha512-jl1vZzPDinLr9eUt3J/t7V6FgNEw9QjvBPdysz9KfQDD41fQrC2Y4vKQdiaUpFT4bXlb1RHhLpp8wtm6M5TgSw=="],

    "undici-types": ["undici-types@7.16.0", "", {}, "sha512-Zz+aZWSj8LE6zoxD+xrjh4VfkIG8Ya6LvYkZqtUQGJPZjYl53ypCaUwWqo7eI0x66KBGeRo+mlBEkMSeSZ38Nw=="],
  }
}
